// !$*UTF8*$!
{
	archiveVersion = 1;
	classes = {
	};
	objectVersion = 54;
	objects = {

/* Begin PBXBuildFile section */
		00E356F31AD99517003FC87E /* CitygenCustomerAppTests.m in Sources */ = {isa = PBXBuildFile; fileRef = 00E356F21AD99517003FC87E /* CitygenCustomerAppTests.m */; };
		11EB8CA03DBBC0E6D6745FC3 /* libPods-CitygenCustomerApp.a in Frameworks */ = {isa = PBXBuildFile; fileRef = 30E82A21378969AC42188826 /* libPods-CitygenCustomerApp.a */; };
		13B07FBC1A68108700A75B9A /* AppDelegate.m in Sources */ = {isa = PBXBuildFile; fileRef = 13B07FB01A68108700A75B9A /* AppDelegate.m */; };
		13B07FBF1A68108700A75B9A /* Images.xcassets in Resources */ = {isa = PBXBuildFile; fileRef = 13B07FB51A68108700A75B9A /* Images.xcassets */; };
		13B07FC11A68108700A75B9A /* main.m in Sources */ = {isa = PBXBuildFile; fileRef = 13B07FB71A68108700A75B9A /* main.m */; };
		81AB9BB82411601600AC10FF /* LaunchScreen.storyboard in Resources */ = {isa = PBXBuildFile; fileRef = 81AB9BB72411601600AC10FF /* LaunchScreen.storyboard */; };
		C46855C4BCE130FDFF1D6455 /* libPods-CitygenCustomerApp-CitygenCustomerAppTests.a in Frameworks */ = {isa = PBXBuildFile; fileRef = 557CB240AEF65082F390556D /* libPods-CitygenCustomerApp-CitygenCustomerAppTests.a */; };
		84213019A0984B66AD590AC6 /* Roboto-Black.ttf in Resources */ = {isa = PBXBuildFile; fileRef = E62AABCDF8904B16A6DC42F0 /* Roboto-Black.ttf */; };
		869198289CF74FCB81FA6D07 /* Roboto-Bold.ttf in Resources */ = {isa = PBXBuildFile; fileRef = E5FEB6580A6F44BA9AC2C2B7 /* Roboto-Bold.ttf */; };
		46693FE77C9943C69B5AE547 /* Roboto-Italic.ttf in Resources */ = {isa = PBXBuildFile; fileRef = 2F6FCBE8FF88406B822FC004 /* Roboto-Italic.ttf */; };
		7FAF696BFEC2451A8914F4A5 /* Roboto-Light.ttf in Resources */ = {isa = PBXBuildFile; fileRef = EA42743228D14A5BA84AB0E0 /* Roboto-Light.ttf */; };
		89D1F2D163BF469AB2E30CDB /* Roboto-Medium.ttf in Resources */ = {isa = PBXBuildFile; fileRef = FE833D5449BE43FA9C2B147C /* Roboto-Medium.ttf */; };
		B15141D3247E4CF0B15D2CE8 /* Roboto-Regular.ttf in Resources */ = {isa = PBXBuildFile; fileRef = 412FB25B6D6C42128F8B44F9 /* Roboto-Regular.ttf */; };
		07B05835D4924CE38359423D /* Roboto-Thin.ttf in Resources */ = {isa = PBXBuildFile; fileRef = AB2AF1DF5AF54E67819ADDB4 /* Roboto-Thin.ttf */; };
		E9A9CE4D54354D8D820E531B /* AntDesign.ttf in Resources */ = {isa = PBXBuildFile; fileRef = 438DD8FE54C34B47931419B0 /* AntDesign.ttf */; };
		A59C4A08142844F3A9569557 /* Entypo.ttf in Resources */ = {isa = PBXBuildFile; fileRef = B4F554D9C4674B1DB085548A /* Entypo.ttf */; };
		EF7708B967B94CF5A05E5F5E /* EvilIcons.ttf in Resources */ = {isa = PBXBuildFile; fileRef = 1B1BAB7E413F4A92A820A866 /* EvilIcons.ttf */; };
		E1FE7B7045714C97B73CDD87 /* Feather.ttf in Resources */ = {isa = PBXBuildFile; fileRef = E53F6C08B93444E9864FABDD /* Feather.ttf */; };
		77C5ADB7AD5D46A496D1779E /* FontAwesome.ttf in Resources */ = {isa = PBXBuildFile; fileRef = 510C91CC8204440E96DCF3BC /* FontAwesome.ttf */; };
		CD49C756A926468DAF6CC84D /* FontAwesome5_Brands.ttf in Resources */ = {isa = PBXBuildFile; fileRef = 651DEBC9D84542B2B78EC5B3 /* FontAwesome5_Brands.ttf */; };
		C6C91EF19F2F4FA89678EC8D /* FontAwesome5_Regular.ttf in Resources */ = {isa = PBXBuildFile; fileRef = 8F6AB29AD577492E8DCB2143 /* FontAwesome5_Regular.ttf */; };
		718F21B1416546818977B2D4 /* FontAwesome5_Solid.ttf in Resources */ = {isa = PBXBuildFile; fileRef = 69C1AF10F38C4D309F8B1E2C /* FontAwesome5_Solid.ttf */; };
		620AE5FAE205471492CEFA20 /* Fontisto.ttf in Resources */ = {isa = PBXBuildFile; fileRef = F1AE3C99F2BC4871B55E15C6 /* Fontisto.ttf */; };
		3576B7C4173A4D11B14D2EDE /* Foundation.ttf in Resources */ = {isa = PBXBuildFile; fileRef = A8181931C7C543E78FACD4E9 /* Foundation.ttf */; };
		1AD5935A16CA4B249C2DED19 /* Ionicons.ttf in Resources */ = {isa = PBXBuildFile; fileRef = 5E19407F2EC34807B8D1B7B5 /* Ionicons.ttf */; };
		9129F2F91EE44E09A848E818 /* MaterialCommunityIcons.ttf in Resources */ = {isa = PBXBuildFile; fileRef = 8918C3E9E50345D5A0E7E3E9 /* MaterialCommunityIcons.ttf */; };
		9D36EB93351B4CECADBA139E /* MaterialIcons.ttf in Resources */ = {isa = PBXBuildFile; fileRef = E9AA211E01594C78B3A5B591 /* MaterialIcons.ttf */; };
		C3814DC2F80F4382B1916A23 /* Octicons.ttf in Resources */ = {isa = PBXBuildFile; fileRef = E7420FAB23B2486CA322A690 /* Octicons.ttf */; };
		1DD97903105E4FFE8163B13D /* SimpleLineIcons.ttf in Resources */ = {isa = PBXBuildFile; fileRef = 51BCC81F360A41C2B43C7A83 /* SimpleLineIcons.ttf */; };
		A3B9C6DC74834B839DAC5F94 /* Zocial.ttf in Resources */ = {isa = PBXBuildFile; fileRef = A0434723F1D04CF3B89D390C /* Zocial.ttf */; };
		EC67F925252E46C1ABB0463F /* Roboto-BlackItalic.ttf in Resources */ = {isa = PBXBuildFile; fileRef = 21C2A1C172454A1CAD519791 /* Roboto-BlackItalic.ttf */; };
		7F118F1005434CE697267BB5 /* Roboto-BoldItalic.ttf in Resources */ = {isa = PBXBuildFile; fileRef = 4DFD4C28D2FC4D0692170474 /* Roboto-BoldItalic.ttf */; };
		CE01ED3B85594736A0998DA8 /* Roboto-LightItalic.ttf in Resources */ = {isa = PBXBuildFile; fileRef = 15C8C59973A7468D888A0CB1 /* Roboto-LightItalic.ttf */; };
		B2A947A0317F4C55A3BCC46A /* Roboto-MediumItalic.ttf in Resources */ = {isa = PBXBuildFile; fileRef = 716AABB8DAAD4F10AABA1B08 /* Roboto-MediumItalic.ttf */; };
		5E6019A17808462996F2559A /* Roboto-ThinItalic.ttf in Resources */ = {isa = PBXBuildFile; fileRef = FB505BF2CA964A9986C8F835 /* Roboto-ThinItalic.ttf */; };
/* End PBXBuildFile section */

/* Begin PBXContainerItemProxy section */
		00E356F41AD99517003FC87E /* PBXContainerItemProxy */ = {
			isa = PBXContainerItemProxy;
			containerPortal = 83CBB9F71A601CBA00E9B192 /* Project object */;
			proxyType = 1;
			remoteGlobalIDString = 13B07F861A680F5B00A75B9A;
			remoteInfo = CitygenCustomerApp;
		};
/* End PBXContainerItemProxy section */

/* Begin PBXFileReference section */
		00E356EE1AD99517003FC87E /* CitygenCustomerAppTests.xctest */ = {isa = PBXFileReference; explicitFileType = wrapper.cfbundle; includeInIndex = 0; path = CitygenCustomerAppTests.xctest; sourceTree = BUILT_PRODUCTS_DIR; };
		00E356F11AD99517003FC87E /* Info.plist */ = {isa = PBXFileReference; lastKnownFileType = text.plist.xml; path = Info.plist; sourceTree = "<group>"; };
		00E356F21AD99517003FC87E /* CitygenCustomerAppTests.m */ = {isa = PBXFileReference; lastKnownFileType = sourcecode.c.objc; path = CitygenCustomerAppTests.m; sourceTree = "<group>"; };
		0373D136F3E6AC17F642C9CB /* Pods-CitygenCustomerApp-CitygenCustomerAppTests.debug.xcconfig */ = {isa = PBXFileReference; includeInIndex = 1; lastKnownFileType = text.xcconfig; name = "Pods-CitygenCustomerApp-CitygenCustomerAppTests.debug.xcconfig"; path = "Target Support Files/Pods-CitygenCustomerApp-CitygenCustomerAppTests/Pods-CitygenCustomerApp-CitygenCustomerAppTests.debug.xcconfig"; sourceTree = "<group>"; };
		13B07F961A680F5B00A75B9A /* CitygenCustomerApp.app */ = {isa = PBXFileReference; explicitFileType = wrapper.application; includeInIndex = 0; path = CitygenCustomerApp.app; sourceTree = BUILT_PRODUCTS_DIR; };
		13B07FAF1A68108700A75B9A /* AppDelegate.h */ = {isa = PBXFileReference; fileEncoding = 4; lastKnownFileType = sourcecode.c.h; name = AppDelegate.h; path = CitygenCustomerApp/AppDelegate.h; sourceTree = "<group>"; };
		13B07FB01A68108700A75B9A /* AppDelegate.m */ = {isa = PBXFileReference; fileEncoding = 4; lastKnownFileType = sourcecode.c.objc; name = AppDelegate.m; path = CitygenCustomerApp/AppDelegate.m; sourceTree = "<group>"; };
		13B07FB51A68108700A75B9A /* Images.xcassets */ = {isa = PBXFileReference; lastKnownFileType = folder.assetcatalog; name = Images.xcassets; path = CitygenCustomerApp/Images.xcassets; sourceTree = "<group>"; };
		13B07FB61A68108700A75B9A /* Info.plist */ = {isa = PBXFileReference; fileEncoding = 4; lastKnownFileType = text.plist.xml; name = Info.plist; path = CitygenCustomerApp/Info.plist; sourceTree = "<group>"; };
		13B07FB71A68108700A75B9A /* main.m */ = {isa = PBXFileReference; fileEncoding = 4; lastKnownFileType = sourcecode.c.objc; name = main.m; path = CitygenCustomerApp/main.m; sourceTree = "<group>"; };
		30E82A21378969AC42188826 /* libPods-CitygenCustomerApp.a */ = {isa = PBXFileReference; explicitFileType = archive.ar; includeInIndex = 0; path = "libPods-CitygenCustomerApp.a"; sourceTree = BUILT_PRODUCTS_DIR; };
		43424A6EBEE69FD6420249D0 /* Pods-CitygenCustomerApp-CitygenCustomerAppTests.release.xcconfig */ = {isa = PBXFileReference; includeInIndex = 1; lastKnownFileType = text.xcconfig; name = "Pods-CitygenCustomerApp-CitygenCustomerAppTests.release.xcconfig"; path = "Target Support Files/Pods-CitygenCustomerApp-CitygenCustomerAppTests/Pods-CitygenCustomerApp-CitygenCustomerAppTests.release.xcconfig"; sourceTree = "<group>"; };
		4397CA734BABD25F2D1CB5A0 /* Pods-CitygenCustomerApp.debug.xcconfig */ = {isa = PBXFileReference; includeInIndex = 1; lastKnownFileType = text.xcconfig; name = "Pods-CitygenCustomerApp.debug.xcconfig"; path = "Target Support Files/Pods-CitygenCustomerApp/Pods-CitygenCustomerApp.debug.xcconfig"; sourceTree = "<group>"; };
		493F37C17D5BE3DC34DF5A54 /* Pods-CitygenCustomerApp.release.xcconfig */ = {isa = PBXFileReference; includeInIndex = 1; lastKnownFileType = text.xcconfig; name = "Pods-CitygenCustomerApp.release.xcconfig"; path = "Target Support Files/Pods-CitygenCustomerApp/Pods-CitygenCustomerApp.release.xcconfig"; sourceTree = "<group>"; };
		557CB240AEF65082F390556D /* libPods-CitygenCustomerApp-CitygenCustomerAppTests.a */ = {isa = PBXFileReference; explicitFileType = archive.ar; includeInIndex = 0; path = "libPods-CitygenCustomerApp-CitygenCustomerAppTests.a"; sourceTree = BUILT_PRODUCTS_DIR; };
		81AB9BB72411601600AC10FF /* LaunchScreen.storyboard */ = {isa = PBXFileReference; fileEncoding = 4; lastKnownFileType = file.storyboard; name = LaunchScreen.storyboard; path = CitygenCustomerApp/LaunchScreen.storyboard; sourceTree = "<group>"; };
		ED297162215061F000B7C4FE /* JavaScriptCore.framework */ = {isa = PBXFileReference; lastKnownFileType = wrapper.framework; name = JavaScriptCore.framework; path = System/Library/Frameworks/JavaScriptCore.framework; sourceTree = SDKROOT; };
		E62AABCDF8904B16A6DC42F0 /* Roboto-Black.ttf */ = {isa = PBXFileReference; name = "Roboto-Black.ttf"; path = "../src/assets/fonts/Roboto-Black.ttf"; sourceTree = "<group>"; fileEncoding = undefined; lastKnownFileType = unknown; explicitFileType = undefined; includeInIndex = 0; };
		E5FEB6580A6F44BA9AC2C2B7 /* Roboto-Bold.ttf */ = {isa = PBXFileReference; name = "Roboto-Bold.ttf"; path = "../src/assets/fonts/Roboto-Bold.ttf"; sourceTree = "<group>"; fileEncoding = undefined; lastKnownFileType = unknown; explicitFileType = undefined; includeInIndex = 0; };
		2F6FCBE8FF88406B822FC004 /* Roboto-Italic.ttf */ = {isa = PBXFileReference; name = "Roboto-Italic.ttf"; path = "../src/assets/fonts/Roboto-Italic.ttf"; sourceTree = "<group>"; fileEncoding = undefined; lastKnownFileType = unknown; explicitFileType = undefined; includeInIndex = 0; };
		EA42743228D14A5BA84AB0E0 /* Roboto-Light.ttf */ = {isa = PBXFileReference; name = "Roboto-Light.ttf"; path = "../src/assets/fonts/Roboto-Light.ttf"; sourceTree = "<group>"; fileEncoding = undefined; lastKnownFileType = unknown; explicitFileType = undefined; includeInIndex = 0; };
		FE833D5449BE43FA9C2B147C /* Roboto-Medium.ttf */ = {isa = PBXFileReference; name = "Roboto-Medium.ttf"; path = "../src/assets/fonts/Roboto-Medium.ttf"; sourceTree = "<group>"; fileEncoding = undefined; lastKnownFileType = unknown; explicitFileType = undefined; includeInIndex = 0; };
		412FB25B6D6C42128F8B44F9 /* Roboto-Regular.ttf */ = {isa = PBXFileReference; name = "Roboto-Regular.ttf"; path = "../src/assets/fonts/Roboto-Regular.ttf"; sourceTree = "<group>"; fileEncoding = undefined; lastKnownFileType = unknown; explicitFileType = undefined; includeInIndex = 0; };
		AB2AF1DF5AF54E67819ADDB4 /* Roboto-Thin.ttf */ = {isa = PBXFileReference; name = "Roboto-Thin.ttf"; path = "../src/assets/fonts/Roboto-Thin.ttf"; sourceTree = "<group>"; fileEncoding = undefined; lastKnownFileType = unknown; explicitFileType = undefined; includeInIndex = 0; };
		438DD8FE54C34B47931419B0 /* AntDesign.ttf */ = {isa = PBXFileReference; name = "AntDesign.ttf"; path = "../node_modules/react-native-vector-icons/Fonts/AntDesign.ttf"; sourceTree = "<group>"; fileEncoding = undefined; lastKnownFileType = unknown; explicitFileType = undefined; includeInIndex = 0; };
		B4F554D9C4674B1DB085548A /* Entypo.ttf */ = {isa = PBXFileReference; name = "Entypo.ttf"; path = "../node_modules/react-native-vector-icons/Fonts/Entypo.ttf"; sourceTree = "<group>"; fileEncoding = undefined; lastKnownFileType = unknown; explicitFileType = undefined; includeInIndex = 0; };
		1B1BAB7E413F4A92A820A866 /* EvilIcons.ttf */ = {isa = PBXFileReference; name = "EvilIcons.ttf"; path = "../node_modules/react-native-vector-icons/Fonts/EvilIcons.ttf"; sourceTree = "<group>"; fileEncoding = undefined; lastKnownFileType = unknown; explicitFileType = undefined; includeInIndex = 0; };
		E53F6C08B93444E9864FABDD /* Feather.ttf */ = {isa = PBXFileReference; name = "Feather.ttf"; path = "../node_modules/react-native-vector-icons/Fonts/Feather.ttf"; sourceTree = "<group>"; fileEncoding = undefined; lastKnownFileType = unknown; explicitFileType = undefined; includeInIndex = 0; };
		510C91CC8204440E96DCF3BC /* FontAwesome.ttf */ = {isa = PBXFileReference; name = "FontAwesome.ttf"; path = "../node_modules/react-native-vector-icons/Fonts/FontAwesome.ttf"; sourceTree = "<group>"; fileEncoding = undefined; lastKnownFileType = unknown; explicitFileType = undefined; includeInIndex = 0; };
		651DEBC9D84542B2B78EC5B3 /* FontAwesome5_Brands.ttf */ = {isa = PBXFileReference; name = "FontAwesome5_Brands.ttf"; path = "../node_modules/react-native-vector-icons/Fonts/FontAwesome5_Brands.ttf"; sourceTree = "<group>"; fileEncoding = undefined; lastKnownFileType = unknown; explicitFileType = undefined; includeInIndex = 0; };
		8F6AB29AD577492E8DCB2143 /* FontAwesome5_Regular.ttf */ = {isa = PBXFileReference; name = "FontAwesome5_Regular.ttf"; path = "../node_modules/react-native-vector-icons/Fonts/FontAwesome5_Regular.ttf"; sourceTree = "<group>"; fileEncoding = undefined; lastKnownFileType = unknown; explicitFileType = undefined; includeInIndex = 0; };
		69C1AF10F38C4D309F8B1E2C /* FontAwesome5_Solid.ttf */ = {isa = PBXFileReference; name = "FontAwesome5_Solid.ttf"; path = "../node_modules/react-native-vector-icons/Fonts/FontAwesome5_Solid.ttf"; sourceTree = "<group>"; fileEncoding = undefined; lastKnownFileType = unknown; explicitFileType = undefined; includeInIndex = 0; };
		F1AE3C99F2BC4871B55E15C6 /* Fontisto.ttf */ = {isa = PBXFileReference; name = "Fontisto.ttf"; path = "../node_modules/react-native-vector-icons/Fonts/Fontisto.ttf"; sourceTree = "<group>"; fileEncoding = undefined; lastKnownFileType = unknown; explicitFileType = undefined; includeInIndex = 0; };
		A8181931C7C543E78FACD4E9 /* Foundation.ttf */ = {isa = PBXFileReference; name = "Foundation.ttf"; path = "../node_modules/react-native-vector-icons/Fonts/Foundation.ttf"; sourceTree = "<group>"; fileEncoding = undefined; lastKnownFileType = unknown; explicitFileType = undefined; includeInIndex = 0; };
		5E19407F2EC34807B8D1B7B5 /* Ionicons.ttf */ = {isa = PBXFileReference; name = "Ionicons.ttf"; path = "../node_modules/react-native-vector-icons/Fonts/Ionicons.ttf"; sourceTree = "<group>"; fileEncoding = undefined; lastKnownFileType = unknown; explicitFileType = undefined; includeInIndex = 0; };
		8918C3E9E50345D5A0E7E3E9 /* MaterialCommunityIcons.ttf */ = {isa = PBXFileReference; name = "MaterialCommunityIcons.ttf"; path = "../node_modules/react-native-vector-icons/Fonts/MaterialCommunityIcons.ttf"; sourceTree = "<group>"; fileEncoding = undefined; lastKnownFileType = unknown; explicitFileType = undefined; includeInIndex = 0; };
		E9AA211E01594C78B3A5B591 /* MaterialIcons.ttf */ = {isa = PBXFileReference; name = "MaterialIcons.ttf"; path = "../node_modules/react-native-vector-icons/Fonts/MaterialIcons.ttf"; sourceTree = "<group>"; fileEncoding = undefined; lastKnownFileType = unknown; explicitFileType = undefined; includeInIndex = 0; };
		E7420FAB23B2486CA322A690 /* Octicons.ttf */ = {isa = PBXFileReference; name = "Octicons.ttf"; path = "../node_modules/react-native-vector-icons/Fonts/Octicons.ttf"; sourceTree = "<group>"; fileEncoding = undefined; lastKnownFileType = unknown; explicitFileType = undefined; includeInIndex = 0; };
		51BCC81F360A41C2B43C7A83 /* SimpleLineIcons.ttf */ = {isa = PBXFileReference; name = "SimpleLineIcons.ttf"; path = "../node_modules/react-native-vector-icons/Fonts/SimpleLineIcons.ttf"; sourceTree = "<group>"; fileEncoding = undefined; lastKnownFileType = unknown; explicitFileType = undefined; includeInIndex = 0; };
		A0434723F1D04CF3B89D390C /* Zocial.ttf */ = {isa = PBXFileReference; name = "Zocial.ttf"; path = "../node_modules/react-native-vector-icons/Fonts/Zocial.ttf"; sourceTree = "<group>"; fileEncoding = undefined; lastKnownFileType = unknown; explicitFileType = undefined; includeInIndex = 0; };
		21C2A1C172454A1CAD519791 /* Roboto-BlackItalic.ttf */ = {isa = PBXFileReference; name = "Roboto-BlackItalic.ttf"; path = "../src/assets/fonts/Roboto-BlackItalic.ttf"; sourceTree = "<group>"; fileEncoding = undefined; lastKnownFileType = unknown; explicitFileType = undefined; includeInIndex = 0; };
		4DFD4C28D2FC4D0692170474 /* Roboto-BoldItalic.ttf */ = {isa = PBXFileReference; name = "Roboto-BoldItalic.ttf"; path = "../src/assets/fonts/Roboto-BoldItalic.ttf"; sourceTree = "<group>"; fileEncoding = undefined; lastKnownFileType = unknown; explicitFileType = undefined; includeInIndex = 0; };
		15C8C59973A7468D888A0CB1 /* Roboto-LightItalic.ttf */ = {isa = PBXFileReference; name = "Roboto-LightItalic.ttf"; path = "../src/assets/fonts/Roboto-LightItalic.ttf"; sourceTree = "<group>"; fileEncoding = undefined; lastKnownFileType = unknown; explicitFileType = undefined; includeInIndex = 0; };
		716AABB8DAAD4F10AABA1B08 /* Roboto-MediumItalic.ttf */ = {isa = PBXFileReference; name = "Roboto-MediumItalic.ttf"; path = "../src/assets/fonts/Roboto-MediumItalic.ttf"; sourceTree = "<group>"; fileEncoding = undefined; lastKnownFileType = unknown; explicitFileType = undefined; includeInIndex = 0; };
		FB505BF2CA964A9986C8F835 /* Roboto-ThinItalic.ttf */ = {isa = PBXFileReference; name = "Roboto-ThinItalic.ttf"; path = "../src/assets/fonts/Roboto-ThinItalic.ttf"; sourceTree = "<group>"; fileEncoding = undefined; lastKnownFileType = unknown; explicitFileType = undefined; includeInIndex = 0; };
/* End PBXFileReference section */

/* Begin PBXFrameworksBuildPhase section */
		00E356EB1AD99517003FC87E /* Frameworks */ = {
			isa = PBXFrameworksBuildPhase;
			buildActionMask = 2147483647;
			files = (
				C46855C4BCE130FDFF1D6455 /* libPods-CitygenCustomerApp-CitygenCustomerAppTests.a in Frameworks */,
			);
			runOnlyForDeploymentPostprocessing = 0;
		};
		13B07F8C1A680F5B00A75B9A /* Frameworks */ = {
			isa = PBXFrameworksBuildPhase;
			buildActionMask = 2147483647;
			files = (
				11EB8CA03DBBC0E6D6745FC3 /* libPods-CitygenCustomerApp.a in Frameworks */,
			);
			runOnlyForDeploymentPostprocessing = 0;
		};
/* End PBXFrameworksBuildPhase section */

/* Begin PBXGroup section */
		00E356EF1AD99517003FC87E /* CitygenCustomerAppTests */ = {
			isa = PBXGroup;
			children = (
				00E356F21AD99517003FC87E /* CitygenCustomerAppTests.m */,
				00E356F01AD99517003FC87E /* Supporting Files */,
			);
			path = CitygenCustomerAppTests;
			sourceTree = "<group>";
		};
		00E356F01AD99517003FC87E /* Supporting Files */ = {
			isa = PBXGroup;
			children = (
				00E356F11AD99517003FC87E /* Info.plist */,
			);
			name = "Supporting Files";
			sourceTree = "<group>";
		};
		13B07FAE1A68108700A75B9A /* CitygenCustomerApp */ = {
			isa = PBXGroup;
			children = (
				13B07FAF1A68108700A75B9A /* AppDelegate.h */,
				13B07FB01A68108700A75B9A /* AppDelegate.m */,
				13B07FB51A68108700A75B9A /* Images.xcassets */,
				13B07FB61A68108700A75B9A /* Info.plist */,
				81AB9BB72411601600AC10FF /* LaunchScreen.storyboard */,
				13B07FB71A68108700A75B9A /* main.m */,
			);
			name = CitygenCustomerApp;
			sourceTree = "<group>";
		};
		2D16E6871FA4F8E400B85C8A /* Frameworks */ = {
			isa = PBXGroup;
			children = (
				ED297162215061F000B7C4FE /* JavaScriptCore.framework */,
				30E82A21378969AC42188826 /* libPods-CitygenCustomerApp.a */,
				557CB240AEF65082F390556D /* libPods-CitygenCustomerApp-CitygenCustomerAppTests.a */,
			);
			name = Frameworks;
			sourceTree = "<group>";
		};
		832341AE1AAA6A7D00B99B32 /* Libraries */ = {
			isa = PBXGroup;
			children = (
			);
			name = Libraries;
			sourceTree = "<group>";
		};
		83CBB9F61A601CBA00E9B192 = {
			isa = PBXGroup;
			children = (
				13B07FAE1A68108700A75B9A /* CitygenCustomerApp */,
				832341AE1AAA6A7D00B99B32 /* Libraries */,
				00E356EF1AD99517003FC87E /* CitygenCustomerAppTests */,
				83CBBA001A601CBA00E9B192 /* Products */,
				2D16E6871FA4F8E400B85C8A /* Frameworks */,
				9E9050B4260446A5EC01355E /* Pods */,
				6D0E6997069443FE94B6A03A /* Resources */,
			);
			indentWidth = 2;
			sourceTree = "<group>";
			tabWidth = 2;
			usesTabs = 0;
		};
		83CBBA001A601CBA00E9B192 /* Products */ = {
			isa = PBXGroup;
			children = (
				13B07F961A680F5B00A75B9A /* CitygenCustomerApp.app */,
				00E356EE1AD99517003FC87E /* CitygenCustomerAppTests.xctest */,
			);
			name = Products;
			sourceTree = "<group>";
		};
		9E9050B4260446A5EC01355E /* Pods */ = {
			isa = PBXGroup;
			children = (
				4397CA734BABD25F2D1CB5A0 /* Pods-CitygenCustomerApp.debug.xcconfig */,
				493F37C17D5BE3DC34DF5A54 /* Pods-CitygenCustomerApp.release.xcconfig */,
				0373D136F3E6AC17F642C9CB /* Pods-CitygenCustomerApp-CitygenCustomerAppTests.debug.xcconfig */,
				43424A6EBEE69FD6420249D0 /* Pods-CitygenCustomerApp-CitygenCustomerAppTests.release.xcconfig */,
			);
			name = Pods;
			path = Pods;
			sourceTree = "<group>";
		};
		6D0E6997069443FE94B6A03A /* Resources */ = {
			isa = "PBXGroup";
			children = (
				E62AABCDF8904B16A6DC42F0 /* Roboto-Black.ttf */,
				E5FEB6580A6F44BA9AC2C2B7 /* Roboto-Bold.ttf */,
				2F6FCBE8FF88406B822FC004 /* Roboto-Italic.ttf */,
				EA42743228D14A5BA84AB0E0 /* Roboto-Light.ttf */,
				FE833D5449BE43FA9C2B147C /* Roboto-Medium.ttf */,
				412FB25B6D6C42128F8B44F9 /* Roboto-Regular.ttf */,
				AB2AF1DF5AF54E67819ADDB4 /* Roboto-Thin.ttf */,
				438DD8FE54C34B47931419B0 /* AntDesign.ttf */,
				B4F554D9C4674B1DB085548A /* Entypo.ttf */,
				1B1BAB7E413F4A92A820A866 /* EvilIcons.ttf */,
				E53F6C08B93444E9864FABDD /* Feather.ttf */,
				510C91CC8204440E96DCF3BC /* FontAwesome.ttf */,
				651DEBC9D84542B2B78EC5B3 /* FontAwesome5_Brands.ttf */,
				8F6AB29AD577492E8DCB2143 /* FontAwesome5_Regular.ttf */,
				69C1AF10F38C4D309F8B1E2C /* FontAwesome5_Solid.ttf */,
				F1AE3C99F2BC4871B55E15C6 /* Fontisto.ttf */,
				A8181931C7C543E78FACD4E9 /* Foundation.ttf */,
				5E19407F2EC34807B8D1B7B5 /* Ionicons.ttf */,
				8918C3E9E50345D5A0E7E3E9 /* MaterialCommunityIcons.ttf */,
				E9AA211E01594C78B3A5B591 /* MaterialIcons.ttf */,
				E7420FAB23B2486CA322A690 /* Octicons.ttf */,
				51BCC81F360A41C2B43C7A83 /* SimpleLineIcons.ttf */,
				A0434723F1D04CF3B89D390C /* Zocial.ttf */,
				21C2A1C172454A1CAD519791 /* Roboto-BlackItalic.ttf */,
				4DFD4C28D2FC4D0692170474 /* Roboto-BoldItalic.ttf */,
				15C8C59973A7468D888A0CB1 /* Roboto-LightItalic.ttf */,
				716AABB8DAAD4F10AABA1B08 /* Roboto-MediumItalic.ttf */,
				FB505BF2CA964A9986C8F835 /* Roboto-ThinItalic.ttf */,
			);
			name = Resources;
			sourceTree = "<group>";
			path = "";
		};
/* End PBXGroup section */

/* Begin PBXNativeTarget section */
		00E356ED1AD99517003FC87E /* CitygenCustomerAppTests */ = {
			isa = PBXNativeTarget;
			buildConfigurationList = 00E357021AD99517003FC87E /* Build configuration list for PBXNativeTarget "CitygenCustomerAppTests" */;
			buildPhases = (
				A2524EE0295E2998F6031F03 /* [CP] Check Pods Manifest.lock */,
				00E356EA1AD99517003FC87E /* Sources */,
				00E356EB1AD99517003FC87E /* Frameworks */,
				00E356EC1AD99517003FC87E /* Resources */,
				BF9580DA046106FE13E318C9 /* [CP] Embed Pods Frameworks */,
				076B2E98B7675E590D33EDA0 /* [CP] Copy Pods Resources */,
			);
			buildRules = (
			);
			dependencies = (
				00E356F51AD99517003FC87E /* PBXTargetDependency */,
			);
			name = CitygenCustomerAppTests;
			productName = CitygenCustomerAppTests;
			productReference = 00E356EE1AD99517003FC87E /* CitygenCustomerAppTests.xctest */;
			productType = "com.apple.product-type.bundle.unit-test";
		};
		13B07F861A680F5B00A75B9A /* CitygenCustomerApp */ = {
			isa = PBXNativeTarget;
			buildConfigurationList = 13B07F931A680F5B00A75B9A /* Build configuration list for PBXNativeTarget "CitygenCustomerApp" */;
			buildPhases = (
				78219C92F5427FBF0E8BA43B /* [CP] Check Pods Manifest.lock */,
				FD10A7F022414F080027D42C /* Start Packager */,
				13B07F871A680F5B00A75B9A /* Sources */,
				13B07F8C1A680F5B00A75B9A /* Frameworks */,
				13B07F8E1A680F5B00A75B9A /* Resources */,
				00DD1BFF1BD5951E006B06BC /* Bundle React Native code and images */,
				3966DBF7393B9A249A2F9C7C /* [CP] Embed Pods Frameworks */,
				D7A2697BA8A5A8F3B332F032 /* [CP] Copy Pods Resources */,
			);
			buildRules = (
			);
			dependencies = (
			);
			name = CitygenCustomerApp;
			productName = CitygenCustomerApp;
			productReference = 13B07F961A680F5B00A75B9A /* CitygenCustomerApp.app */;
			productType = "com.apple.product-type.application";
		};
/* End PBXNativeTarget section */

/* Begin PBXProject section */
		83CBB9F71A601CBA00E9B192 /* Project object */ = {
			isa = PBXProject;
			attributes = {
				LastUpgradeCheck = 1210;
				TargetAttributes = {
					00E356ED1AD99517003FC87E = {
						CreatedOnToolsVersion = 6.2;
						TestTargetID = 13B07F861A680F5B00A75B9A;
					};
					13B07F861A680F5B00A75B9A = {
						LastSwiftMigration = 1120;
					};
				};
			};
			buildConfigurationList = 83CBB9FA1A601CBA00E9B192 /* Build configuration list for PBXProject "CitygenCustomerApp" */;
			compatibilityVersion = "Xcode 12.0";
			developmentRegion = en;
			hasScannedForEncodings = 0;
			knownRegions = (
				en,
				Base,
			);
			mainGroup = 83CBB9F61A601CBA00E9B192;
			productRefGroup = 83CBBA001A601CBA00E9B192 /* Products */;
			projectDirPath = "";
			projectRoot = "";
			targets = (
				13B07F861A680F5B00A75B9A /* CitygenCustomerApp */,
				00E356ED1AD99517003FC87E /* CitygenCustomerAppTests */,
			);
		};
/* End PBXProject section */

/* Begin PBXResourcesBuildPhase section */
		00E356EC1AD99517003FC87E /* Resources */ = {
			isa = PBXResourcesBuildPhase;
			buildActionMask = 2147483647;
			files = (
			);
			runOnlyForDeploymentPostprocessing = 0;
		};
		13B07F8E1A680F5B00A75B9A /* Resources */ = {
			isa = PBXResourcesBuildPhase;
			buildActionMask = 2147483647;
			files = (
				81AB9BB82411601600AC10FF /* LaunchScreen.storyboard in Resources */,
				13B07FBF1A68108700A75B9A /* Images.xcassets in Resources */,
				84213019A0984B66AD590AC6 /* Roboto-Black.ttf in Resources */,
				869198289CF74FCB81FA6D07 /* Roboto-Bold.ttf in Resources */,
				46693FE77C9943C69B5AE547 /* Roboto-Italic.ttf in Resources */,
				7FAF696BFEC2451A8914F4A5 /* Roboto-Light.ttf in Resources */,
				89D1F2D163BF469AB2E30CDB /* Roboto-Medium.ttf in Resources */,
				B15141D3247E4CF0B15D2CE8 /* Roboto-Regular.ttf in Resources */,
				07B05835D4924CE38359423D /* Roboto-Thin.ttf in Resources */,
				E9A9CE4D54354D8D820E531B /* AntDesign.ttf in Resources */,
				A59C4A08142844F3A9569557 /* Entypo.ttf in Resources */,
				EF7708B967B94CF5A05E5F5E /* EvilIcons.ttf in Resources */,
				E1FE7B7045714C97B73CDD87 /* Feather.ttf in Resources */,
				77C5ADB7AD5D46A496D1779E /* FontAwesome.ttf in Resources */,
				CD49C756A926468DAF6CC84D /* FontAwesome5_Brands.ttf in Resources */,
				C6C91EF19F2F4FA89678EC8D /* FontAwesome5_Regular.ttf in Resources */,
				718F21B1416546818977B2D4 /* FontAwesome5_Solid.ttf in Resources */,
				620AE5FAE205471492CEFA20 /* Fontisto.ttf in Resources */,
				3576B7C4173A4D11B14D2EDE /* Foundation.ttf in Resources */,
				1AD5935A16CA4B249C2DED19 /* Ionicons.ttf in Resources */,
				9129F2F91EE44E09A848E818 /* MaterialCommunityIcons.ttf in Resources */,
				9D36EB93351B4CECADBA139E /* MaterialIcons.ttf in Resources */,
				C3814DC2F80F4382B1916A23 /* Octicons.ttf in Resources */,
				1DD97903105E4FFE8163B13D /* SimpleLineIcons.ttf in Resources */,
				A3B9C6DC74834B839DAC5F94 /* Zocial.ttf in Resources */,
				EC67F925252E46C1ABB0463F /* Roboto-BlackItalic.ttf in Resources */,
				7F118F1005434CE697267BB5 /* Roboto-BoldItalic.ttf in Resources */,
				CE01ED3B85594736A0998DA8 /* Roboto-LightItalic.ttf in Resources */,
				B2A947A0317F4C55A3BCC46A /* Roboto-MediumItalic.ttf in Resources */,
				5E6019A17808462996F2559A /* Roboto-ThinItalic.ttf in Resources */,
			);
			runOnlyForDeploymentPostprocessing = 0;
		};
/* End PBXResourcesBuildPhase section */

/* Begin PBXShellScriptBuildPhase section */
		00DD1BFF1BD5951E006B06BC /* Bundle React Native code and images */ = {
			isa = PBXShellScriptBuildPhase;
			buildActionMask = 2147483647;
			files = (
			);
			inputPaths = (
			);
			name = "Bundle React Native code and images";
			outputPaths = (
			);
			runOnlyForDeploymentPostprocessing = 0;
			shellPath = /bin/sh;
			shellScript = "set -e\n\nexport NODE_BINARY=node\n../node_modules/react-native/scripts/react-native-xcode.sh\n";
		};
		076B2E98B7675E590D33EDA0 /* [CP] Copy Pods Resources */ = {
			isa = PBXShellScriptBuildPhase;
			buildActionMask = 2147483647;
			files = (
			);
			inputFileListPaths = (
				"${PODS_ROOT}/Target Support Files/Pods-CitygenCustomerApp-CitygenCustomerAppTests/Pods-CitygenCustomerApp-CitygenCustomerAppTests-resources-${CONFIGURATION}-input-files.xcfilelist",
			);
			name = "[CP] Copy Pods Resources";
			outputFileListPaths = (
				"${PODS_ROOT}/Target Support Files/Pods-CitygenCustomerApp-CitygenCustomerAppTests/Pods-CitygenCustomerApp-CitygenCustomerAppTests-resources-${CONFIGURATION}-output-files.xcfilelist",
			);
			runOnlyForDeploymentPostprocessing = 0;
			shellPath = /bin/sh;
			shellScript = "\"${PODS_ROOT}/Target Support Files/Pods-CitygenCustomerApp-CitygenCustomerAppTests/Pods-CitygenCustomerApp-CitygenCustomerAppTests-resources.sh\"\n";
			showEnvVarsInLog = 0;
		};
		3966DBF7393B9A249A2F9C7C /* [CP] Embed Pods Frameworks */ = {
			isa = PBXShellScriptBuildPhase;
			buildActionMask = 2147483647;
			files = (
			);
			inputFileListPaths = (
				"${PODS_ROOT}/Target Support Files/Pods-CitygenCustomerApp/Pods-CitygenCustomerApp-frameworks-${CONFIGURATION}-input-files.xcfilelist",
			);
			name = "[CP] Embed Pods Frameworks";
			outputFileListPaths = (
				"${PODS_ROOT}/Target Support Files/Pods-CitygenCustomerApp/Pods-CitygenCustomerApp-frameworks-${CONFIGURATION}-output-files.xcfilelist",
			);
			runOnlyForDeploymentPostprocessing = 0;
			shellPath = /bin/sh;
			shellScript = "\"${PODS_ROOT}/Target Support Files/Pods-CitygenCustomerApp/Pods-CitygenCustomerApp-frameworks.sh\"\n";
			showEnvVarsInLog = 0;
		};
		78219C92F5427FBF0E8BA43B /* [CP] Check Pods Manifest.lock */ = {
			isa = PBXShellScriptBuildPhase;
			buildActionMask = 2147483647;
			files = (
			);
			inputFileListPaths = (
			);
			inputPaths = (
				"${PODS_PODFILE_DIR_PATH}/Podfile.lock",
				"${PODS_ROOT}/Manifest.lock",
			);
			name = "[CP] Check Pods Manifest.lock";
			outputFileListPaths = (
			);
			outputPaths = (
				"$(DERIVED_FILE_DIR)/Pods-CitygenCustomerApp-checkManifestLockResult.txt",
			);
			runOnlyForDeploymentPostprocessing = 0;
			shellPath = /bin/sh;
			shellScript = "diff \"${PODS_PODFILE_DIR_PATH}/Podfile.lock\" \"${PODS_ROOT}/Manifest.lock\" > /dev/null\nif [ $? != 0 ] ; then\n    # print error to STDERR\n    echo \"error: The sandbox is not in sync with the Podfile.lock. Run 'pod install' or update your CocoaPods installation.\" >&2\n    exit 1\nfi\n# This output is used by Xcode 'outputs' to avoid re-running this script phase.\necho \"SUCCESS\" > \"${SCRIPT_OUTPUT_FILE_0}\"\n";
			showEnvVarsInLog = 0;
		};
		A2524EE0295E2998F6031F03 /* [CP] Check Pods Manifest.lock */ = {
			isa = PBXShellScriptBuildPhase;
			buildActionMask = 2147483647;
			files = (
			);
			inputFileListPaths = (
			);
			inputPaths = (
				"${PODS_PODFILE_DIR_PATH}/Podfile.lock",
				"${PODS_ROOT}/Manifest.lock",
			);
			name = "[CP] Check Pods Manifest.lock";
			outputFileListPaths = (
			);
			outputPaths = (
				"$(DERIVED_FILE_DIR)/Pods-CitygenCustomerApp-CitygenCustomerAppTests-checkManifestLockResult.txt",
			);
			runOnlyForDeploymentPostprocessing = 0;
			shellPath = /bin/sh;
			shellScript = "diff \"${PODS_PODFILE_DIR_PATH}/Podfile.lock\" \"${PODS_ROOT}/Manifest.lock\" > /dev/null\nif [ $? != 0 ] ; then\n    # print error to STDERR\n    echo \"error: The sandbox is not in sync with the Podfile.lock. Run 'pod install' or update your CocoaPods installation.\" >&2\n    exit 1\nfi\n# This output is used by Xcode 'outputs' to avoid re-running this script phase.\necho \"SUCCESS\" > \"${SCRIPT_OUTPUT_FILE_0}\"\n";
			showEnvVarsInLog = 0;
		};
		BF9580DA046106FE13E318C9 /* [CP] Embed Pods Frameworks */ = {
			isa = PBXShellScriptBuildPhase;
			buildActionMask = 2147483647;
			files = (
			);
			inputFileListPaths = (
				"${PODS_ROOT}/Target Support Files/Pods-CitygenCustomerApp-CitygenCustomerAppTests/Pods-CitygenCustomerApp-CitygenCustomerAppTests-frameworks-${CONFIGURATION}-input-files.xcfilelist",
			);
			name = "[CP] Embed Pods Frameworks";
			outputFileListPaths = (
				"${PODS_ROOT}/Target Support Files/Pods-CitygenCustomerApp-CitygenCustomerAppTests/Pods-CitygenCustomerApp-CitygenCustomerAppTests-frameworks-${CONFIGURATION}-output-files.xcfilelist",
			);
			runOnlyForDeploymentPostprocessing = 0;
			shellPath = /bin/sh;
			shellScript = "\"${PODS_ROOT}/Target Support Files/Pods-CitygenCustomerApp-CitygenCustomerAppTests/Pods-CitygenCustomerApp-CitygenCustomerAppTests-frameworks.sh\"\n";
			showEnvVarsInLog = 0;
		};
		D7A2697BA8A5A8F3B332F032 /* [CP] Copy Pods Resources */ = {
			isa = PBXShellScriptBuildPhase;
			buildActionMask = 2147483647;
			files = (
			);
			inputFileListPaths = (
				"${PODS_ROOT}/Target Support Files/Pods-CitygenCustomerApp/Pods-CitygenCustomerApp-resources-${CONFIGURATION}-input-files.xcfilelist",
			);
			name = "[CP] Copy Pods Resources";
			outputFileListPaths = (
				"${PODS_ROOT}/Target Support Files/Pods-CitygenCustomerApp/Pods-CitygenCustomerApp-resources-${CONFIGURATION}-output-files.xcfilelist",
			);
			runOnlyForDeploymentPostprocessing = 0;
			shellPath = /bin/sh;
			shellScript = "\"${PODS_ROOT}/Target Support Files/Pods-CitygenCustomerApp/Pods-CitygenCustomerApp-resources.sh\"\n";
			showEnvVarsInLog = 0;
		};
		FD10A7F022414F080027D42C /* Start Packager */ = {
			isa = PBXShellScriptBuildPhase;
			buildActionMask = 2147483647;
			files = (
			);
			inputFileListPaths = (
			);
			inputPaths = (
			);
			name = "Start Packager";
			outputFileListPaths = (
			);
			outputPaths = (
			);
			runOnlyForDeploymentPostprocessing = 0;
			shellPath = /bin/sh;
			shellScript = "export RCT_METRO_PORT=\"${RCT_METRO_PORT:=8081}\"\necho \"export RCT_METRO_PORT=${RCT_METRO_PORT}\" > \"${SRCROOT}/../node_modules/react-native/scripts/.packager.env\"\nif [ -z \"${RCT_NO_LAUNCH_PACKAGER+xxx}\" ] ; then\n  if nc -w 5 -z localhost ${RCT_METRO_PORT} ; then\n    if ! curl -s \"http://localhost:${RCT_METRO_PORT}/status\" | grep -q \"packager-status:running\" ; then\n      echo \"Port ${RCT_METRO_PORT} already in use, packager is either not running or not running correctly\"\n      exit 2\n    fi\n  else\n    open \"$SRCROOT/../node_modules/react-native/scripts/launchPackager.command\" || echo \"Can't start packager automatically\"\n  fi\nfi\n";
			showEnvVarsInLog = 0;
		};
/* End PBXShellScriptBuildPhase section */

/* Begin PBXSourcesBuildPhase section */
		00E356EA1AD99517003FC87E /* Sources */ = {
			isa = PBXSourcesBuildPhase;
			buildActionMask = 2147483647;
			files = (
				00E356F31AD99517003FC87E /* CitygenCustomerAppTests.m in Sources */,
			);
			runOnlyForDeploymentPostprocessing = 0;
		};
		13B07F871A680F5B00A75B9A /* Sources */ = {
			isa = PBXSourcesBuildPhase;
			buildActionMask = 2147483647;
			files = (
				13B07FBC1A68108700A75B9A /* AppDelegate.m in Sources */,
				13B07FC11A68108700A75B9A /* main.m in Sources */,
			);
			runOnlyForDeploymentPostprocessing = 0;
		};
/* End PBXSourcesBuildPhase section */

/* Begin PBXTargetDependency section */
		00E356F51AD99517003FC87E /* PBXTargetDependency */ = {
			isa = PBXTargetDependency;
			target = 13B07F861A680F5B00A75B9A /* CitygenCustomerApp */;
			targetProxy = 00E356F41AD99517003FC87E /* PBXContainerItemProxy */;
		};
/* End PBXTargetDependency section */

/* Begin XCBuildConfiguration section */
		00E356F61AD99517003FC87E /* Debug */ = {
			isa = XCBuildConfiguration;
			baseConfigurationReference = 0373D136F3E6AC17F642C9CB /* Pods-CitygenCustomerApp-CitygenCustomerAppTests.debug.xcconfig */;
			buildSettings = {
				BUNDLE_LOADER = "$(TEST_HOST)";
				GCC_PREPROCESSOR_DEFINITIONS = (
					"DEBUG=1",
					"$(inherited)",
				);
				INFOPLIST_FILE = CitygenCustomerAppTests/Info.plist;
				IPHONEOS_DEPLOYMENT_TARGET = 10.0;
				LD_RUNPATH_SEARCH_PATHS = (
					"$(inherited)",
					"@executable_path/Frameworks",
					"@loader_path/Frameworks",
				);
				OTHER_LDFLAGS = (
					"-ObjC",
					"-lc++",
					"$(inherited)",
				);
				PRODUCT_BUNDLE_IDENTIFIER = "org.reactjs.native.example.$(PRODUCT_NAME:rfc1034identifier)";
				PRODUCT_NAME = "$(TARGET_NAME)";
				TEST_HOST = "$(BUILT_PRODUCTS_DIR)/CitygenCustomerApp.app/CitygenCustomerApp";
			};
			name = Debug;
		};
		00E356F71AD99517003FC87E /* Release */ = {
			isa = XCBuildConfiguration;
			baseConfigurationReference = 43424A6EBEE69FD6420249D0 /* Pods-CitygenCustomerApp-CitygenCustomerAppTests.release.xcconfig */;
			buildSettings = {
				BUNDLE_LOADER = "$(TEST_HOST)";
				COPY_PHASE_STRIP = NO;
				INFOPLIST_FILE = CitygenCustomerAppTests/Info.plist;
				IPHONEOS_DEPLOYMENT_TARGET = 10.0;
				LD_RUNPATH_SEARCH_PATHS = (
					"$(inherited)",
					"@executable_path/Frameworks",
					"@loader_path/Frameworks",
				);
				OTHER_LDFLAGS = (
					"-ObjC",
					"-lc++",
					"$(inherited)",
				);
				PRODUCT_BUNDLE_IDENTIFIER = "org.reactjs.native.example.$(PRODUCT_NAME:rfc1034identifier)";
				PRODUCT_NAME = "$(TARGET_NAME)";
				TEST_HOST = "$(BUILT_PRODUCTS_DIR)/CitygenCustomerApp.app/CitygenCustomerApp";
			};
			name = Release;
		};
		13B07F941A680F5B00A75B9A /* Debug */ = {
			isa = XCBuildConfiguration;
			baseConfigurationReference = 4397CA734BABD25F2D1CB5A0 /* Pods-CitygenCustomerApp.debug.xcconfig */;
			buildSettings = {
				ASSETCATALOG_COMPILER_APPICON_NAME = AppIcon;
				CLANG_ENABLE_MODULES = YES;
				CURRENT_PROJECT_VERSION = 1;
				ENABLE_BITCODE = NO;
				INFOPLIST_FILE = CitygenCustomerApp/Info.plist;
				LD_RUNPATH_SEARCH_PATHS = (
					"$(inherited)",
					"@executable_path/Frameworks",
				);
				OTHER_LDFLAGS = (
					"$(inherited)",
					"-ObjC",
					"-lc++",
				);
				PRODUCT_BUNDLE_IDENTIFIER = "org.reactjs.native.example.$(PRODUCT_NAME:rfc1034identifier)";
				PRODUCT_NAME = CitygenCustomerApp;
				SWIFT_OPTIMIZATION_LEVEL = "-Onone";
				SWIFT_VERSION = 5.0;
				VERSIONING_SYSTEM = "apple-generic";
			};
			name = Debug;
		};
		13B07F951A680F5B00A75B9A /* Release */ = {
			isa = XCBuildConfiguration;
			baseConfigurationReference = 493F37C17D5BE3DC34DF5A54 /* Pods-CitygenCustomerApp.release.xcconfig */;
			buildSettings = {
				ASSETCATALOG_COMPILER_APPICON_NAME = AppIcon;
				CLANG_ENABLE_MODULES = YES;
				CURRENT_PROJECT_VERSION = 1;
				INFOPLIST_FILE = CitygenCustomerApp/Info.plist;
				LD_RUNPATH_SEARCH_PATHS = (
					"$(inherited)",
					"@executable_path/Frameworks",
				);
				OTHER_LDFLAGS = (
					"$(inherited)",
					"-ObjC",
					"-lc++",
				);
				PRODUCT_BUNDLE_IDENTIFIER = "org.reactjs.native.example.$(PRODUCT_NAME:rfc1034identifier)";
				PRODUCT_NAME = CitygenCustomerApp;
				SWIFT_VERSION = 5.0;
				VERSIONING_SYSTEM = "apple-generic";
			};
			name = Release;
		};
		83CBBA201A601CBA00E9B192 /* Debug */ = {
			isa = XCBuildConfiguration;
			buildSettings = {
				ALWAYS_SEARCH_USER_PATHS = NO;
				CLANG_ANALYZER_LOCALIZABILITY_NONLOCALIZED = YES;
				CLANG_CXX_LANGUAGE_STANDARD = "gnu++0x";
				CLANG_CXX_LIBRARY = "libc++";
				CLANG_ENABLE_MODULES = YES;
				CLANG_ENABLE_OBJC_ARC = YES;
				CLANG_WARN_BLOCK_CAPTURE_AUTORELEASING = YES;
				CLANG_WARN_BOOL_CONVERSION = YES;
				CLANG_WARN_COMMA = YES;
				CLANG_WARN_CONSTANT_CONVERSION = YES;
				CLANG_WARN_DEPRECATED_OBJC_IMPLEMENTATIONS = YES;
				CLANG_WARN_DIRECT_OBJC_ISA_USAGE = YES_ERROR;
				CLANG_WARN_EMPTY_BODY = YES;
				CLANG_WARN_ENUM_CONVERSION = YES;
				CLANG_WARN_INFINITE_RECURSION = YES;
				CLANG_WARN_INT_CONVERSION = YES;
				CLANG_WARN_NON_LITERAL_NULL_CONVERSION = YES;
				CLANG_WARN_OBJC_IMPLICIT_RETAIN_SELF = YES;
				CLANG_WARN_OBJC_LITERAL_CONVERSION = YES;
				CLANG_WARN_OBJC_ROOT_CLASS = YES_ERROR;
				CLANG_WARN_QUOTED_INCLUDE_IN_FRAMEWORK_HEADER = YES;
				CLANG_WARN_RANGE_LOOP_ANALYSIS = YES;
				CLANG_WARN_STRICT_PROTOTYPES = YES;
				CLANG_WARN_SUSPICIOUS_MOVE = YES;
				CLANG_WARN_UNREACHABLE_CODE = YES;
				CLANG_WARN__DUPLICATE_METHOD_MATCH = YES;
				"CODE_SIGN_IDENTITY[sdk=iphoneos*]" = "iPhone Developer";
				COPY_PHASE_STRIP = NO;
				ENABLE_STRICT_OBJC_MSGSEND = YES;
				ENABLE_TESTABILITY = YES;
				"EXCLUDED_ARCHS[sdk=iphonesimulator*]" = "arm64 ";
				GCC_C_LANGUAGE_STANDARD = gnu99;
				GCC_DYNAMIC_NO_PIC = NO;
				GCC_NO_COMMON_BLOCKS = YES;
				GCC_OPTIMIZATION_LEVEL = 0;
				GCC_PREPROCESSOR_DEFINITIONS = (
					"DEBUG=1",
					"$(inherited)",
				);
				GCC_SYMBOLS_PRIVATE_EXTERN = NO;
				GCC_WARN_64_TO_32_BIT_CONVERSION = YES;
				GCC_WARN_ABOUT_RETURN_TYPE = YES_ERROR;
				GCC_WARN_UNDECLARED_SELECTOR = YES;
				GCC_WARN_UNINITIALIZED_AUTOS = YES_AGGRESSIVE;
				GCC_WARN_UNUSED_FUNCTION = YES;
				GCC_WARN_UNUSED_VARIABLE = YES;
				IPHONEOS_DEPLOYMENT_TARGET = 10.0;
				LD_RUNPATH_SEARCH_PATHS = (
					/usr/lib/swift,
					"$(inherited)",
				);
				LIBRARY_SEARCH_PATHS = (
					"\"$(TOOLCHAIN_DIR)/usr/lib/swift/$(PLATFORM_NAME)\"",
					"\"$(TOOLCHAIN_DIR)/usr/lib/swift-5.0/$(PLATFORM_NAME)\"",
					"\"$(inherited)\"",
				);
				MTL_ENABLE_DEBUG_INFO = YES;
				ONLY_ACTIVE_ARCH = YES;
				SDKROOT = iphoneos;
			};
			name = Debug;
		};
		83CBBA211A601CBA00E9B192 /* Release */ = {
			isa = XCBuildConfiguration;
			buildSettings = {
				ALWAYS_SEARCH_USER_PATHS = NO;
				CLANG_ANALYZER_LOCALIZABILITY_NONLOCALIZED = YES;
				CLANG_CXX_LANGUAGE_STANDARD = "gnu++0x";
				CLANG_CXX_LIBRARY = "libc++";
				CLANG_ENABLE_MODULES = YES;
				CLANG_ENABLE_OBJC_ARC = YES;
				CLANG_WARN_BLOCK_CAPTURE_AUTORELEASING = YES;
				CLANG_WARN_BOOL_CONVERSION = YES;
				CLANG_WARN_COMMA = YES;
				CLANG_WARN_CONSTANT_CONVERSION = YES;
				CLANG_WARN_DEPRECATED_OBJC_IMPLEMENTATIONS = YES;
				CLANG_WARN_DIRECT_OBJC_ISA_USAGE = YES_ERROR;
				CLANG_WARN_EMPTY_BODY = YES;
				CLANG_WARN_ENUM_CONVERSION = YES;
				CLANG_WARN_INFINITE_RECURSION = YES;
				CLANG_WARN_INT_CONVERSION = YES;
				CLANG_WARN_NON_LITERAL_NULL_CONVERSION = YES;
				CLANG_WARN_OBJC_IMPLICIT_RETAIN_SELF = YES;
				CLANG_WARN_OBJC_LITERAL_CONVERSION = YES;
				CLANG_WARN_OBJC_ROOT_CLASS = YES_ERROR;
				CLANG_WARN_QUOTED_INCLUDE_IN_FRAMEWORK_HEADER = YES;
				CLANG_WARN_RANGE_LOOP_ANALYSIS = YES;
				CLANG_WARN_STRICT_PROTOTYPES = YES;
				CLANG_WARN_SUSPICIOUS_MOVE = YES;
				CLANG_WARN_UNREACHABLE_CODE = YES;
				CLANG_WARN__DUPLICATE_METHOD_MATCH = YES;
				"CODE_SIGN_IDENTITY[sdk=iphoneos*]" = "iPhone Developer";
				COPY_PHASE_STRIP = YES;
				ENABLE_NS_ASSERTIONS = NO;
				ENABLE_STRICT_OBJC_MSGSEND = YES;
				"EXCLUDED_ARCHS[sdk=iphonesimulator*]" = "arm64 ";
				GCC_C_LANGUAGE_STANDARD = gnu99;
				GCC_NO_COMMON_BLOCKS = YES;
				GCC_WARN_64_TO_32_BIT_CONVERSION = YES;
				GCC_WARN_ABOUT_RETURN_TYPE = YES_ERROR;
				GCC_WARN_UNDECLARED_SELECTOR = YES;
				GCC_WARN_UNINITIALIZED_AUTOS = YES_AGGRESSIVE;
				GCC_WARN_UNUSED_FUNCTION = YES;
				GCC_WARN_UNUSED_VARIABLE = YES;
				IPHONEOS_DEPLOYMENT_TARGET = 10.0;
				LD_RUNPATH_SEARCH_PATHS = (
					/usr/lib/swift,
					"$(inherited)",
				);
				LIBRARY_SEARCH_PATHS = (
					"\"$(TOOLCHAIN_DIR)/usr/lib/swift/$(PLATFORM_NAME)\"",
					"\"$(TOOLCHAIN_DIR)/usr/lib/swift-5.0/$(PLATFORM_NAME)\"",
					"\"$(inherited)\"",
				);
				MTL_ENABLE_DEBUG_INFO = NO;
				SDKROOT = iphoneos;
				VALIDATE_PRODUCT = YES;
			};
			name = Release;
		};
/* End XCBuildConfiguration section */

/* Begin XCConfigurationList section */
		00E357021AD99517003FC87E /* Build configuration list for PBXNativeTarget "CitygenCustomerAppTests" */ = {
			isa = XCConfigurationList;
			buildConfigurations = (
				00E356F61AD99517003FC87E /* Debug */,
				00E356F71AD99517003FC87E /* Release */,
			);
			defaultConfigurationIsVisible = 0;
			defaultConfigurationName = Release;
		};
		13B07F931A680F5B00A75B9A /* Build configuration list for PBXNativeTarget "CitygenCustomerApp" */ = {
			isa = XCConfigurationList;
			buildConfigurations = (
				13B07F941A680F5B00A75B9A /* Debug */,
				13B07F951A680F5B00A75B9A /* Release */,
			);
			defaultConfigurationIsVisible = 0;
			defaultConfigurationName = Release;
		};
		83CBB9FA1A601CBA00E9B192 /* Build configuration list for PBXProject "CitygenCustomerApp" */ = {
			isa = XCConfigurationList;
			buildConfigurations = (
				83CBBA201A601CBA00E9B192 /* Debug */,
				83CBBA211A601CBA00E9B192 /* Release */,
			);
			defaultConfigurationIsVisible = 0;
			defaultConfigurationName = Release;
		};
/* End XCConfigurationList section */
	};
	rootObject = 83CBB9F71A601CBA00E9B192 /* Project object */;
}
